
Microsoft Visual Studio Solution File, Format Version 12.00
# Visual Studio Version 17
VisualStudioVersion = 17.5.33424.131
MinimumVisualStudioVersion = 10.0.40219.1
Project("{FAE04EC0-301F-11D3-BF4B-00C04F79EFBC}") = "ConsoleApp3", "ConsoleApp3.csproj", "{E9285D4B-19F0-4A8F-BCAC-348124EE1337}"
EndProject
Global
	GlobalSection(SolutionConfigurationPlatforms) = preSolution
		Debug|Any CPU = Debug|Any CPU
		Release|Any CPU = Release|Any CPU
	EndGlobalSection
	GlobalSection(ProjectConfigurationPlatforms) = postSolution
		{E9285D4B-19F0-4A8F-BCAC-348124EE1337}.Debug|Any CPU.ActiveCfg = Debug|Any CPU
		{E9285D4B-19F0-4A8F-BCAC-348124EE1337}.Debug|Any CPU.Build.0 = Debug|Any CPU
		{E9285D4B-19F0-4A8F-BCAC-348124EE1337}.Release|Any CPU.ActiveCfg = Release|Any CPU
		{E9285D4B-19F0-4A8F-BCAC-348124EE1337}.Release|Any CPU.Build.0 = Release|Any CPU
	EndGlobalSection
	GlobalSection(SolutionProperties) = preSolution
		HideSolutionNode = FALSE
	EndGlobalSection
	GlobalSection(ExtensibilityGlobals) = postSolution
		SolutionGuid = {61FF816D-81CC-4BF8-A45C-292B0D20EE60}
	EndGlobalSection
EndGlobal
